
Microsoft Visual Studio Solution File, Format Version 12.00
# Visual Studio Version 16
VisualStudioVersion = 16.0.32428.217
MinimumVisualStudioVersion = 10.0.40219.1
Project("{FAE04EC0-301F-11D3-BF4B-00C04F79EFBC}") = "betaver", "betaver.csproj", "{9545870C-FE83-4639-929F-3FF8F29A65D8}"
EndProject
Global
	GlobalSection(SolutionConfigurationPlatforms) = preSolution
		Debug|Any CPU = Debug|Any CPU
		Release|Any CPU = Release|Any CPU
	EndGlobalSection
	GlobalSection(ProjectConfigurationPlatforms) = postSolution
		{9545870C-FE83-4639-929F-3FF8F29A65D8}.Debug|Any CPU.ActiveCfg = Debug|Any CPU
		{9545870C-FE83-4639-929F-3FF8F29A65D8}.Debug|Any CPU.Build.0 = Debug|Any CPU
		{9545870C-FE83-4639-929F-3FF8F29A65D8}.Release|Any CPU.ActiveCfg = Release|Any CPU
		{9545870C-FE83-4639-929F-3FF8F29A65D8}.Release|Any CPU.Build.0 = Release|Any CPU
	EndGlobalSection
	GlobalSection(SolutionProperties) = preSolution
		HideSolutionNode = FALSE
	EndGlobalSection
	GlobalSection(ExtensibilityGlobals) = postSolution
		SolutionGuid = {8CEC8C01-C949-4A1E-8037-9560DD7B42E4}
	EndGlobalSection
EndGlobal
